
Microsoft Visual Studio Solution File, Format Version 12.00
# Visual Studio 15
VisualStudioVersion = 15.0.28307.421
MinimumVisualStudioVersion = 10.0.40219.1
Project("{FAE04EC0-301F-11D3-BF4B-00C04F79EFBC}") = "diplom", "diplom\diplom.csproj", "{44C24FC7-3777-4317-A332-745980163E63}"
EndProject
Project("{FAE04EC0-301F-11D3-BF4B-00C04F79EFBC}") = "WindowTesting", "WindowTesting\WindowTesting.csproj", "{603F50A6-5EEA-4B17-ABBA-3024A7D574C7}"
EndProject
Project("{FAE04EC0-301F-11D3-BF4B-00C04F79EFBC}") = "WordInteraction", "WordInteraction\WordInteraction.csproj", "{90801AB8-4B62-45DD-A4BE-B8BC06DB85F4}"
EndProject
Project("{FAE04EC0-301F-11D3-BF4B-00C04F79EFBC}") = "Serialization", "Serialization\Serialization.csproj", "{C43DEF43-F784-4A8A-8B67-4A7B500D9237}"
EndProject
Project("{FAE04EC0-301F-11D3-BF4B-00C04F79EFBC}") = "WpfTesting", "WpfTesting\WpfTesting.csproj", "{B9EEAF34-B90A-42C7-839D-1216EDE1704D}"
EndProject
Project("{FAE04EC0-301F-11D3-BF4B-00C04F79EFBC}") = "UIChemShift", "UIChemShift\UIChemShift.csproj", "{BA073162-D01B-46FE-A0CB-EA879CD5531A}"
EndProject
Project("{FAE04EC0-301F-11D3-BF4B-00C04F79EFBC}") = "Experiments", "Experiments\Experiments.csproj", "{E40B79D2-EA1D-4578-8C40-4EC77A2EE230}"
EndProject
Project("{FAE04EC0-301F-11D3-BF4B-00C04F79EFBC}") = "UIChemShift2", "UIChemShift2\UIChemShift2.csproj", "{B3C99E3D-DE29-422A-B9E0-F4063711F9EA}"
EndProject
Global
	GlobalSection(SolutionConfigurationPlatforms) = preSolution
		Debug|Any CPU = Debug|Any CPU
		Release|Any CPU = Release|Any CPU
	EndGlobalSection
	GlobalSection(ProjectConfigurationPlatforms) = postSolution
		{44C24FC7-3777-4317-A332-745980163E63}.Debug|Any CPU.ActiveCfg = Debug|Any CPU
		{44C24FC7-3777-4317-A332-745980163E63}.Debug|Any CPU.Build.0 = Debug|Any CPU
		{44C24FC7-3777-4317-A332-745980163E63}.Release|Any CPU.ActiveCfg = Release|Any CPU
		{44C24FC7-3777-4317-A332-745980163E63}.Release|Any CPU.Build.0 = Release|Any CPU
		{603F50A6-5EEA-4B17-ABBA-3024A7D574C7}.Debug|Any CPU.ActiveCfg = Debug|Any CPU
		{603F50A6-5EEA-4B17-ABBA-3024A7D574C7}.Debug|Any CPU.Build.0 = Debug|Any CPU
		{603F50A6-5EEA-4B17-ABBA-3024A7D574C7}.Release|Any CPU.ActiveCfg = Release|Any CPU
		{603F50A6-5EEA-4B17-ABBA-3024A7D574C7}.Release|Any CPU.Build.0 = Release|Any CPU
		{90801AB8-4B62-45DD-A4BE-B8BC06DB85F4}.Debug|Any CPU.ActiveCfg = Debug|Any CPU
		{90801AB8-4B62-45DD-A4BE-B8BC06DB85F4}.Debug|Any CPU.Build.0 = Debug|Any CPU
		{90801AB8-4B62-45DD-A4BE-B8BC06DB85F4}.Release|Any CPU.ActiveCfg = Release|Any CPU
		{90801AB8-4B62-45DD-A4BE-B8BC06DB85F4}.Release|Any CPU.Build.0 = Release|Any CPU
		{C43DEF43-F784-4A8A-8B67-4A7B500D9237}.Debug|Any CPU.ActiveCfg = Debug|Any CPU
		{C43DEF43-F784-4A8A-8B67-4A7B500D9237}.Debug|Any CPU.Build.0 = Debug|Any CPU
		{C43DEF43-F784-4A8A-8B67-4A7B500D9237}.Release|Any CPU.ActiveCfg = Release|Any CPU
		{C43DEF43-F784-4A8A-8B67-4A7B500D9237}.Release|Any CPU.Build.0 = Release|Any CPU
		{B9EEAF34-B90A-42C7-839D-1216EDE1704D}.Debug|Any CPU.ActiveCfg = Debug|Any CPU
		{B9EEAF34-B90A-42C7-839D-1216EDE1704D}.Debug|Any CPU.Build.0 = Debug|Any CPU
		{B9EEAF34-B90A-42C7-839D-1216EDE1704D}.Release|Any CPU.ActiveCfg = Release|Any CPU
		{B9EEAF34-B90A-42C7-839D-1216EDE1704D}.Release|Any CPU.Build.0 = Release|Any CPU
		{BA073162-D01B-46FE-A0CB-EA879CD5531A}.Debug|Any CPU.ActiveCfg = Debug|Any CPU
		{BA073162-D01B-46FE-A0CB-EA879CD5531A}.Debug|Any CPU.Build.0 = Debug|Any CPU
		{BA073162-D01B-46FE-A0CB-EA879CD5531A}.Release|Any CPU.ActiveCfg = Release|Any CPU
		{BA073162-D01B-46FE-A0CB-EA879CD5531A}.Release|Any CPU.Build.0 = Release|Any CPU
		{E40B79D2-EA1D-4578-8C40-4EC77A2EE230}.Debug|Any CPU.ActiveCfg = Debug|Any CPU
		{E40B79D2-EA1D-4578-8C40-4EC77A2EE230}.Debug|Any CPU.Build.0 = Debug|Any CPU
		{E40B79D2-EA1D-4578-8C40-4EC77A2EE230}.Release|Any CPU.ActiveCfg = Release|Any CPU
		{E40B79D2-EA1D-4578-8C40-4EC77A2EE230}.Release|Any CPU.Build.0 = Release|Any CPU
		{B3C99E3D-DE29-422A-B9E0-F4063711F9EA}.Debug|Any CPU.ActiveCfg = Debug|Any CPU
		{B3C99E3D-DE29-422A-B9E0-F4063711F9EA}.Debug|Any CPU.Build.0 = Debug|Any CPU
		{B3C99E3D-DE29-422A-B9E0-F4063711F9EA}.Release|Any CPU.ActiveCfg = Release|Any CPU
		{B3C99E3D-DE29-422A-B9E0-F4063711F9EA}.Release|Any CPU.Build.0 = Release|Any CPU
	EndGlobalSection
	GlobalSection(SolutionProperties) = preSolution
		HideSolutionNode = FALSE
	EndGlobalSection
	GlobalSection(ExtensibilityGlobals) = postSolution
		SolutionGuid = {DA74D313-0DEA-4053-94F2-2338A7DA31E0}
	EndGlobalSection
EndGlobal
